{
    "requires": true,
    "lockfileVersion": 1,
    "dependencies": {
        "big.js": {
            "version": "5.2.2",
            "resolved": "https://registry.npmjs.org/big.js/-/big.js-5.2.2.tgz",
            "integrity": "sha512-vyL2OymJxmarO8gxMr0mhChsO9QGwhynfuu4+MHTAW6czfq9humCB7rKpUjDd9YUiDPU4mzpyupFSvOClAwbmQ=="
        },
        "bootstrap-validate": {
            "version": "2.1.3",
            "resolved": "https://registry.npmjs.org/bootstrap-validate/-/bootstrap-validate-2.1.3.tgz",
            "integrity": "sha512-d02sE7JH0DRCvYxJ1yqHNmvURs5ro2GhmtBkNQVAJsdX+ySItH9+HLJ5nTyjckXOFqq0oZacIrs6EZodX7+nhg==",
            "requires": {
                "big.js": "^5.0.3",
                "lodash": "^4.17.10"
            }
        },
        "lodash": {
            "version": "4.17.11",
            "resolved": "https://registry.npmjs.org/lodash/-/lodash-4.17.11.tgz",
            "integrity": "sha512-cQKh8igo5QUhZ7lg38DYWAxMvjSAKG0A8wGSVimP07SIUEK2UO+arSRKbRZWtelMtN5V0Hkwh5ryOto/SshYIg=="
        }
    }
}
